
Microsoft Visual Studio Solution File, Format Version 12.00
# Visual Studio Version 17
VisualStudioVersion = 17.3.32819.101
MinimumVisualStudioVersion = 10.0.40219.1
Project("{FAE04EC0-301F-11D3-BF4B-00C04F79EFBC}") = "RSiglo21", "RSiglo21.csproj", "{D70DDA72-2B9B-48AA-BB8A-16B8BB1037C7}"
EndProject
Global
	GlobalSection(SolutionConfigurationPlatforms) = preSolution
		Debug|Any CPU = Debug|Any CPU
		Release|Any CPU = Release|Any CPU
	EndGlobalSection
	GlobalSection(ProjectConfigurationPlatforms) = postSolution
		{D70DDA72-2B9B-48AA-BB8A-16B8BB1037C7}.Debug|Any CPU.ActiveCfg = Debug|Any CPU
		{D70DDA72-2B9B-48AA-BB8A-16B8BB1037C7}.Debug|Any CPU.Build.0 = Debug|Any CPU
		{D70DDA72-2B9B-48AA-BB8A-16B8BB1037C7}.Release|Any CPU.ActiveCfg = Release|Any CPU
		{D70DDA72-2B9B-48AA-BB8A-16B8BB1037C7}.Release|Any CPU.Build.0 = Release|Any CPU
	EndGlobalSection
	GlobalSection(SolutionProperties) = preSolution
		HideSolutionNode = FALSE
	EndGlobalSection
	GlobalSection(ExtensibilityGlobals) = postSolution
		SolutionGuid = {FE817554-987D-4AF6-B132-590D496A4415}
	EndGlobalSection
EndGlobal
