
Microsoft Visual Studio Solution File, Format Version 12.00
# Visual Studio Version 17
VisualStudioVersion = 17.3.32819.101
MinimumVisualStudioVersion = 10.0.40219.1
Project("{9A19103F-16F7-4668-BE54-9A1E7A4F7556}") = "Rsiglo21", "Rsiglo21.csproj", "{D59213B5-6967-4B82-8ADF-24E273792D43}"
EndProject
Global
	GlobalSection(SolutionConfigurationPlatforms) = preSolution
		Debug|Any CPU = Debug|Any CPU
		Release|Any CPU = Release|Any CPU
	EndGlobalSection
	GlobalSection(ProjectConfigurationPlatforms) = postSolution
		{D59213B5-6967-4B82-8ADF-24E273792D43}.Debug|Any CPU.ActiveCfg = Debug|Any CPU
		{D59213B5-6967-4B82-8ADF-24E273792D43}.Debug|Any CPU.Build.0 = Debug|Any CPU
		{D59213B5-6967-4B82-8ADF-24E273792D43}.Release|Any CPU.ActiveCfg = Release|Any CPU
		{D59213B5-6967-4B82-8ADF-24E273792D43}.Release|Any CPU.Build.0 = Release|Any CPU
	EndGlobalSection
	GlobalSection(SolutionProperties) = preSolution
		HideSolutionNode = FALSE
	EndGlobalSection
	GlobalSection(ExtensibilityGlobals) = postSolution
		SolutionGuid = {123275FF-2A6E-4CF0-B273-1FA6F69D858D}
	EndGlobalSection
EndGlobal
