
Microsoft Visual Studio Solution File, Format Version 12.00
# Visual Studio 14
VisualStudioVersion = 14.0.23107.0
MinimumVisualStudioVersion = 10.0.40219.1
Project("{FAE04EC0-301F-11D3-BF4B-00C04F79EFBC}") = "Sistema_para_restaurante_en_CSHARP_codigo369", "Sistema_para_restaurante_en_CSHARP_codigo369\Sistema_para_restaurante_en_CSHARP_codigo369.csproj", "{AC2FF1EA-773E-4257-B6CB-8995816C1FAA}"
EndProject
Global
	GlobalSection(SolutionConfigurationPlatforms) = preSolution
		Debug|Any CPU = Debug|Any CPU
		Release|Any CPU = Release|Any CPU
	EndGlobalSection
	GlobalSection(ProjectConfigurationPlatforms) = postSolution
		{AC2FF1EA-773E-4257-B6CB-8995816C1FAA}.Debug|Any CPU.ActiveCfg = Debug|Any CPU
		{AC2FF1EA-773E-4257-B6CB-8995816C1FAA}.Debug|Any CPU.Build.0 = Debug|Any CPU
		{AC2FF1EA-773E-4257-B6CB-8995816C1FAA}.Release|Any CPU.ActiveCfg = Release|Any CPU
		{AC2FF1EA-773E-4257-B6CB-8995816C1FAA}.Release|Any CPU.Build.0 = Release|Any CPU
	EndGlobalSection
	GlobalSection(SolutionProperties) = preSolution
		HideSolutionNode = FALSE
	EndGlobalSection
EndGlobal
